
Microsoft Visual Studio Solution File, Format Version 12.00
# Visual Studio 15
VisualStudioVersion = 15.0.26124.0
MinimumVisualStudioVersion = 15.0.26124.0
Project("{FAE04EC0-301F-11D3-BF4B-00C04F79EFBC}") = "Domain", "Domain\Domain.csproj", "{593D23CC-2CD4-4D50-B335-F63FDE4FBA7C}"
EndProject
Project("{FAE04EC0-301F-11D3-BF4B-00C04F79EFBC}") = "API", "API\API.csproj", "{3DD55EC2-06BF-4A62-BB82-0DD3B9804BC8}"
EndProject
Project("{FAE04EC0-301F-11D3-BF4B-00C04F79EFBC}") = "Application", "Application\Application.csproj", "{3BE03859-7BA4-4330-BDE2-83E652CF8D66}"
EndProject
Project("{FAE04EC0-301F-11D3-BF4B-00C04F79EFBC}") = "Persistence", "Persistence\Persistence.csproj", "{05DE39DE-5B5C-4063-B708-2E2DB73B7FF7}"
EndProject
Global
	GlobalSection(SolutionConfigurationPlatforms) = preSolution
		Debug|Any CPU = Debug|Any CPU
		Debug|x64 = Debug|x64
		Debug|x86 = Debug|x86
		Release|Any CPU = Release|Any CPU
		Release|x64 = Release|x64
		Release|x86 = Release|x86
	EndGlobalSection
	GlobalSection(SolutionProperties) = preSolution
		HideSolutionNode = FALSE
	EndGlobalSection
	GlobalSection(ProjectConfigurationPlatforms) = postSolution
		{593D23CC-2CD4-4D50-B335-F63FDE4FBA7C}.Debug|Any CPU.ActiveCfg = Debug|Any CPU
		{593D23CC-2CD4-4D50-B335-F63FDE4FBA7C}.Debug|Any CPU.Build.0 = Debug|Any CPU
		{593D23CC-2CD4-4D50-B335-F63FDE4FBA7C}.Debug|x64.ActiveCfg = Debug|Any CPU
		{593D23CC-2CD4-4D50-B335-F63FDE4FBA7C}.Debug|x64.Build.0 = Debug|Any CPU
		{593D23CC-2CD4-4D50-B335-F63FDE4FBA7C}.Debug|x86.ActiveCfg = Debug|Any CPU
		{593D23CC-2CD4-4D50-B335-F63FDE4FBA7C}.Debug|x86.Build.0 = Debug|Any CPU
		{593D23CC-2CD4-4D50-B335-F63FDE4FBA7C}.Release|Any CPU.ActiveCfg = Release|Any CPU
		{593D23CC-2CD4-4D50-B335-F63FDE4FBA7C}.Release|Any CPU.Build.0 = Release|Any CPU
		{593D23CC-2CD4-4D50-B335-F63FDE4FBA7C}.Release|x64.ActiveCfg = Release|Any CPU
		{593D23CC-2CD4-4D50-B335-F63FDE4FBA7C}.Release|x64.Build.0 = Release|Any CPU
		{593D23CC-2CD4-4D50-B335-F63FDE4FBA7C}.Release|x86.ActiveCfg = Release|Any CPU
		{593D23CC-2CD4-4D50-B335-F63FDE4FBA7C}.Release|x86.Build.0 = Release|Any CPU
		{3DD55EC2-06BF-4A62-BB82-0DD3B9804BC8}.Debug|Any CPU.ActiveCfg = Debug|Any CPU
		{3DD55EC2-06BF-4A62-BB82-0DD3B9804BC8}.Debug|Any CPU.Build.0 = Debug|Any CPU
		{3DD55EC2-06BF-4A62-BB82-0DD3B9804BC8}.Debug|x64.ActiveCfg = Debug|Any CPU
		{3DD55EC2-06BF-4A62-BB82-0DD3B9804BC8}.Debug|x64.Build.0 = Debug|Any CPU
		{3DD55EC2-06BF-4A62-BB82-0DD3B9804BC8}.Debug|x86.ActiveCfg = Debug|Any CPU
		{3DD55EC2-06BF-4A62-BB82-0DD3B9804BC8}.Debug|x86.Build.0 = Debug|Any CPU
		{3DD55EC2-06BF-4A62-BB82-0DD3B9804BC8}.Release|Any CPU.ActiveCfg = Release|Any CPU
		{3DD55EC2-06BF-4A62-BB82-0DD3B9804BC8}.Release|Any CPU.Build.0 = Release|Any CPU
		{3DD55EC2-06BF-4A62-BB82-0DD3B9804BC8}.Release|x64.ActiveCfg = Release|Any CPU
		{3DD55EC2-06BF-4A62-BB82-0DD3B9804BC8}.Release|x64.Build.0 = Release|Any CPU
		{3DD55EC2-06BF-4A62-BB82-0DD3B9804BC8}.Release|x86.ActiveCfg = Release|Any CPU
		{3DD55EC2-06BF-4A62-BB82-0DD3B9804BC8}.Release|x86.Build.0 = Release|Any CPU
		{3BE03859-7BA4-4330-BDE2-83E652CF8D66}.Debug|Any CPU.ActiveCfg = Debug|Any CPU
		{3BE03859-7BA4-4330-BDE2-83E652CF8D66}.Debug|Any CPU.Build.0 = Debug|Any CPU
		{3BE03859-7BA4-4330-BDE2-83E652CF8D66}.Debug|x64.ActiveCfg = Debug|Any CPU
		{3BE03859-7BA4-4330-BDE2-83E652CF8D66}.Debug|x64.Build.0 = Debug|Any CPU
		{3BE03859-7BA4-4330-BDE2-83E652CF8D66}.Debug|x86.ActiveCfg = Debug|Any CPU
		{3BE03859-7BA4-4330-BDE2-83E652CF8D66}.Debug|x86.Build.0 = Debug|Any CPU
		{3BE03859-7BA4-4330-BDE2-83E652CF8D66}.Release|Any CPU.ActiveCfg = Release|Any CPU
		{3BE03859-7BA4-4330-BDE2-83E652CF8D66}.Release|Any CPU.Build.0 = Release|Any CPU
		{3BE03859-7BA4-4330-BDE2-83E652CF8D66}.Release|x64.ActiveCfg = Release|Any CPU
		{3BE03859-7BA4-4330-BDE2-83E652CF8D66}.Release|x64.Build.0 = Release|Any CPU
		{3BE03859-7BA4-4330-BDE2-83E652CF8D66}.Release|x86.ActiveCfg = Release|Any CPU
		{3BE03859-7BA4-4330-BDE2-83E652CF8D66}.Release|x86.Build.0 = Release|Any CPU
		{05DE39DE-5B5C-4063-B708-2E2DB73B7FF7}.Debug|Any CPU.ActiveCfg = Debug|Any CPU
		{05DE39DE-5B5C-4063-B708-2E2DB73B7FF7}.Debug|Any CPU.Build.0 = Debug|Any CPU
		{05DE39DE-5B5C-4063-B708-2E2DB73B7FF7}.Debug|x64.ActiveCfg = Debug|Any CPU
		{05DE39DE-5B5C-4063-B708-2E2DB73B7FF7}.Debug|x64.Build.0 = Debug|Any CPU
		{05DE39DE-5B5C-4063-B708-2E2DB73B7FF7}.Debug|x86.ActiveCfg = Debug|Any CPU
		{05DE39DE-5B5C-4063-B708-2E2DB73B7FF7}.Debug|x86.Build.0 = Debug|Any CPU
		{05DE39DE-5B5C-4063-B708-2E2DB73B7FF7}.Release|Any CPU.ActiveCfg = Release|Any CPU
		{05DE39DE-5B5C-4063-B708-2E2DB73B7FF7}.Release|Any CPU.Build.0 = Release|Any CPU
		{05DE39DE-5B5C-4063-B708-2E2DB73B7FF7}.Release|x64.ActiveCfg = Release|Any CPU
		{05DE39DE-5B5C-4063-B708-2E2DB73B7FF7}.Release|x64.Build.0 = Release|Any CPU
		{05DE39DE-5B5C-4063-B708-2E2DB73B7FF7}.Release|x86.ActiveCfg = Release|Any CPU
		{05DE39DE-5B5C-4063-B708-2E2DB73B7FF7}.Release|x86.Build.0 = Release|Any CPU
	EndGlobalSection
EndGlobal
